
Microsoft Visual Studio Solution File, Format Version 12.00
# Visual Studio Version 17
VisualStudioVersion = 17.3.32922.545
MinimumVisualStudioVersion = 10.0.40219.1
Project("{FAE04EC0-301F-11D3-BF4B-00C04F79EFBC}") = "GameMath1", "GameMath1\GameMath1.csproj", "{ACA1DF32-D889-4E02-8A73-25369A785B67}"
EndProject
Global
	GlobalSection(SolutionConfigurationPlatforms) = preSolution
		Debug|Any CPU = Debug|Any CPU
		Release|Any CPU = Release|Any CPU
	EndGlobalSection
	GlobalSection(ProjectConfigurationPlatforms) = postSolution
		{ACA1DF32-D889-4E02-8A73-25369A785B67}.Debug|Any CPU.ActiveCfg = Debug|Any CPU
		{ACA1DF32-D889-4E02-8A73-25369A785B67}.Debug|Any CPU.Build.0 = Debug|Any CPU
		{ACA1DF32-D889-4E02-8A73-25369A785B67}.Release|Any CPU.ActiveCfg = Release|Any CPU
		{ACA1DF32-D889-4E02-8A73-25369A785B67}.Release|Any CPU.Build.0 = Release|Any CPU
	EndGlobalSection
	GlobalSection(SolutionProperties) = preSolution
		HideSolutionNode = FALSE
	EndGlobalSection
	GlobalSection(ExtensibilityGlobals) = postSolution
		SolutionGuid = {6A84CC3F-1ED6-425C-9F07-3C02611B8519}
	EndGlobalSection
EndGlobal
